// !$*UTF8*$!
{
	archiveVersion = 1;
	classes = {
	};
	objectVersion = 55;
	objects = {

/* Begin PBXBuildFile section */
		A60232B728FC2B2E0046191E /* MainScreen.swift in Sources */ = {isa = PBXBuildFile; fileRef = A60232B628FC2B2E0046191E /* MainScreen.swift */; };
		A60232BA28FC2F0A0046191E /* HomeScreen.swift in Sources */ = {isa = PBXBuildFile; fileRef = A60232B928FC2F0A0046191E /* HomeScreen.swift */; };
		A60232BC28FC2F3E0046191E /* FavoritesScreen.swift in Sources */ = {isa = PBXBuildFile; fileRef = A60232BB28FC2F3E0046191E /* FavoritesScreen.swift */; };
		A60232C028FC6DAB0046191E /* Countries.swift in Sources */ = {isa = PBXBuildFile; fileRef = A60232BF28FC6DAB0046191E /* Countries.swift */; };
		A60232CF28FC8C870046191E /* CountriesService.swift in Sources */ = {isa = PBXBuildFile; fileRef = A60232CE28FC8C870046191E /* CountriesService.swift */; };
		A60232D128FD30F50046191E /* NetworkExtension.swift in Sources */ = {isa = PBXBuildFile; fileRef = A60232D028FD30F50046191E /* NetworkExtension.swift */; };
		A60232D328FD3C190046191E /* NetworkError.swift in Sources */ = {isa = PBXBuildFile; fileRef = A60232D228FD3C190046191E /* NetworkError.swift */; };
		A644ED5428FADB1C00399E5F /* CountriesApp.swift in Sources */ = {isa = PBXBuildFile; fileRef = A644ED5328FADB1C00399E5F /* CountriesApp.swift */; };
		A644ED5828FADB1E00399E5F /* Assets.xcassets in Resources */ = {isa = PBXBuildFile; fileRef = A644ED5728FADB1E00399E5F /* Assets.xcassets */; };
		A644ED5B28FADB1E00399E5F /* Preview Assets.xcassets in Resources */ = {isa = PBXBuildFile; fileRef = A644ED5A28FADB1E00399E5F /* Preview Assets.xcassets */; };
		A644ED6528FADB1E00399E5F /* CountriesTests.swift in Sources */ = {isa = PBXBuildFile; fileRef = A644ED6428FADB1E00399E5F /* CountriesTests.swift */; };
		A644ED6F28FADB1E00399E5F /* CountriesUITests.swift in Sources */ = {isa = PBXBuildFile; fileRef = A644ED6E28FADB1E00399E5F /* CountriesUITests.swift */; };
		A644ED7128FADB1E00399E5F /* CountriesUITestsLaunchTests.swift in Sources */ = {isa = PBXBuildFile; fileRef = A644ED7028FADB1E00399E5F /* CountriesUITestsLaunchTests.swift */; };
		A65EE94228FD47EF0057CA10 /* FavoritesScreenViewModel.swift in Sources */ = {isa = PBXBuildFile; fileRef = A65EE94128FD47EF0057CA10 /* FavoritesScreenViewModel.swift */; };
		A65EE94428FD47FF0057CA10 /* HomeScreenViewModel.swift in Sources */ = {isa = PBXBuildFile; fileRef = A65EE94328FD47FF0057CA10 /* HomeScreenViewModel.swift */; };
		A68D3C0E28FD973700121844 /* CountryCard.swift in Sources */ = {isa = PBXBuildFile; fileRef = A68D3C0D28FD973700121844 /* CountryCard.swift */; };
		A6C54BC828FDE2E800F3681E /* CountryDetailView.swift in Sources */ = {isa = PBXBuildFile; fileRef = A6C54BC728FDE2E800F3681E /* CountryDetailView.swift */; };
		A6C54BCA28FDE6F900F3681E /* CountryDetail.swift in Sources */ = {isa = PBXBuildFile; fileRef = A6C54BC928FDE6F900F3681E /* CountryDetail.swift */; };
		A6C54BD028FE88A700F3681E /* SVGView in Frameworks */ = {isa = PBXBuildFile; productRef = A6C54BCF28FE88A700F3681E /* SVGView */; };
		A6C54BD228FE8C1A00F3681E /* ScreenSizeExtension.swift in Sources */ = {isa = PBXBuildFile; fileRef = A6C54BD128FE8C1A00F3681E /* ScreenSizeExtension.swift */; };
		A6C54BD428FE8D5800F3681E /* FavoriteIconButton.swift in Sources */ = {isa = PBXBuildFile; fileRef = A6C54BD328FE8D5800F3681E /* FavoriteIconButton.swift */; };
		A6C54BD628FEBF2A00F3681E /* WebViewKit.swift in Sources */ = {isa = PBXBuildFile; fileRef = A6C54BD528FEBF2A00F3681E /* WebViewKit.swift */; };
		A6E160B728FC1DC50073BF57 /* CacheKeys.swift in Sources */ = {isa = PBXBuildFile; fileRef = A6E160B628FC1DC50073BF57 /* CacheKeys.swift */; };
		A6E160BA28FC23B90073BF57 /* CacheManager.swift in Sources */ = {isa = PBXBuildFile; fileRef = A6E160B928FC23B90073BF57 /* CacheManager.swift */; };
/* End PBXBuildFile section */

/* Begin PBXContainerItemProxy section */
		A644ED6128FADB1E00399E5F /* PBXContainerItemProxy */ = {
			isa = PBXContainerItemProxy;
			containerPortal = A644ED4828FADB1C00399E5F /* Project object */;
			proxyType = 1;
			remoteGlobalIDString = A644ED4F28FADB1C00399E5F;
			remoteInfo = Countries;
		};
		A644ED6B28FADB1E00399E5F /* PBXContainerItemProxy */ = {
			isa = PBXContainerItemProxy;
			containerPortal = A644ED4828FADB1C00399E5F /* Project object */;
			proxyType = 1;
			remoteGlobalIDString = A644ED4F28FADB1C00399E5F;
			remoteInfo = Countries;
		};
/* End PBXContainerItemProxy section */

/* Begin PBXFileReference section */
		A60232B628FC2B2E0046191E /* MainScreen.swift */ = {isa = PBXFileReference; lastKnownFileType = sourcecode.swift; path = MainScreen.swift; sourceTree = "<group>"; };
		A60232B928FC2F0A0046191E /* HomeScreen.swift */ = {isa = PBXFileReference; lastKnownFileType = sourcecode.swift; path = HomeScreen.swift; sourceTree = "<group>"; };
		A60232BB28FC2F3E0046191E /* FavoritesScreen.swift */ = {isa = PBXFileReference; lastKnownFileType = sourcecode.swift; path = FavoritesScreen.swift; sourceTree = "<group>"; };
		A60232BF28FC6DAB0046191E /* Countries.swift */ = {isa = PBXFileReference; lastKnownFileType = sourcecode.swift; path = Countries.swift; sourceTree = "<group>"; };
		A60232CE28FC8C870046191E /* CountriesService.swift */ = {isa = PBXFileReference; lastKnownFileType = sourcecode.swift; path = CountriesService.swift; sourceTree = "<group>"; };
		A60232D028FD30F50046191E /* NetworkExtension.swift */ = {isa = PBXFileReference; lastKnownFileType = sourcecode.swift; path = NetworkExtension.swift; sourceTree = "<group>"; };
		A60232D228FD3C190046191E /* NetworkError.swift */ = {isa = PBXFileReference; lastKnownFileType = sourcecode.swift; path = NetworkError.swift; sourceTree = "<group>"; };
		A644ED5028FADB1C00399E5F /* Countries.app */ = {isa = PBXFileReference; explicitFileType = wrapper.application; includeInIndex = 0; path = Countries.app; sourceTree = BUILT_PRODUCTS_DIR; };
		A644ED5328FADB1C00399E5F /* CountriesApp.swift */ = {isa = PBXFileReference; lastKnownFileType = sourcecode.swift; path = CountriesApp.swift; sourceTree = "<group>"; };
		A644ED5728FADB1E00399E5F /* Assets.xcassets */ = {isa = PBXFileReference; lastKnownFileType = folder.assetcatalog; path = Assets.xcassets; sourceTree = "<group>"; };
		A644ED5A28FADB1E00399E5F /* Preview Assets.xcassets */ = {isa = PBXFileReference; lastKnownFileType = folder.assetcatalog; path = "Preview Assets.xcassets"; sourceTree = "<group>"; };
		A644ED6028FADB1E00399E5F /* CountriesTests.xctest */ = {isa = PBXFileReference; explicitFileType = wrapper.cfbundle; includeInIndex = 0; path = CountriesTests.xctest; sourceTree = BUILT_PRODUCTS_DIR; };
		A644ED6428FADB1E00399E5F /* CountriesTests.swift */ = {isa = PBXFileReference; lastKnownFileType = sourcecode.swift; path = CountriesTests.swift; sourceTree = "<group>"; };
		A644ED6A28FADB1E00399E5F /* CountriesUITests.xctest */ = {isa = PBXFileReference; explicitFileType = wrapper.cfbundle; includeInIndex = 0; path = CountriesUITests.xctest; sourceTree = BUILT_PRODUCTS_DIR; };
		A644ED6E28FADB1E00399E5F /* CountriesUITests.swift */ = {isa = PBXFileReference; lastKnownFileType = sourcecode.swift; path = CountriesUITests.swift; sourceTree = "<group>"; };
		A644ED7028FADB1E00399E5F /* CountriesUITestsLaunchTests.swift */ = {isa = PBXFileReference; lastKnownFileType = sourcecode.swift; path = CountriesUITestsLaunchTests.swift; sourceTree = "<group>"; };
		A65EE94128FD47EF0057CA10 /* FavoritesScreenViewModel.swift */ = {isa = PBXFileReference; lastKnownFileType = sourcecode.swift; path = FavoritesScreenViewModel.swift; sourceTree = "<group>"; };
		A65EE94328FD47FF0057CA10 /* HomeScreenViewModel.swift */ = {isa = PBXFileReference; lastKnownFileType = sourcecode.swift; path = HomeScreenViewModel.swift; sourceTree = "<group>"; };
		A68D3C0D28FD973700121844 /* CountryCard.swift */ = {isa = PBXFileReference; lastKnownFileType = sourcecode.swift; path = CountryCard.swift; sourceTree = "<group>"; };
		A6C54BC728FDE2E800F3681E /* CountryDetailView.swift */ = {isa = PBXFileReference; lastKnownFileType = sourcecode.swift; path = CountryDetailView.swift; sourceTree = "<group>"; };
		A6C54BC928FDE6F900F3681E /* CountryDetail.swift */ = {isa = PBXFileReference; lastKnownFileType = sourcecode.swift; path = CountryDetail.swift; sourceTree = "<group>"; };
		A6C54BD128FE8C1A00F3681E /* ScreenSizeExtension.swift */ = {isa = PBXFileReference; lastKnownFileType = sourcecode.swift; path = ScreenSizeExtension.swift; sourceTree = "<group>"; };
		A6C54BD328FE8D5800F3681E /* FavoriteIconButton.swift */ = {isa = PBXFileReference; lastKnownFileType = sourcecode.swift; path = FavoriteIconButton.swift; sourceTree = "<group>"; };
		A6C54BD528FEBF2A00F3681E /* WebViewKit.swift */ = {isa = PBXFileReference; lastKnownFileType = sourcecode.swift; path = WebViewKit.swift; sourceTree = "<group>"; };
		A6E160B628FC1DC50073BF57 /* CacheKeys.swift */ = {isa = PBXFileReference; lastKnownFileType = sourcecode.swift; path = CacheKeys.swift; sourceTree = "<group>"; };
		A6E160B928FC23B90073BF57 /* CacheManager.swift */ = {isa = PBXFileReference; lastKnownFileType = sourcecode.swift; path = CacheManager.swift; sourceTree = "<group>"; };
/* End PBXFileReference section */

/* Begin PBXFrameworksBuildPhase section */
		A644ED4D28FADB1C00399E5F /* Frameworks */ = {
			isa = PBXFrameworksBuildPhase;
			buildActionMask = 2147483647;
			files = (
				A6C54BD028FE88A700F3681E /* SVGView in Frameworks */,
			);
			runOnlyForDeploymentPostprocessing = 0;
		};
		A644ED5D28FADB1E00399E5F /* Frameworks */ = {
			isa = PBXFrameworksBuildPhase;
			buildActionMask = 2147483647;
			files = (
			);
			runOnlyForDeploymentPostprocessing = 0;
		};
		A644ED6728FADB1E00399E5F /* Frameworks */ = {
			isa = PBXFrameworksBuildPhase;
			buildActionMask = 2147483647;
			files = (
			);
			runOnlyForDeploymentPostprocessing = 0;
		};
/* End PBXFrameworksBuildPhase section */

/* Begin PBXGroup section */
		A60232B228FC2AD00046191E /* Views */ = {
			isa = PBXGroup;
			children = (
				A6C54BC628FDE2DA00F3681E /* Shared */,
				A60232B428FC2AE60046191E /* MainScreen */,
			);
			path = Views;
			sourceTree = "<group>";
		};
		A60232B428FC2AE60046191E /* MainScreen */ = {
			isa = PBXGroup;
			children = (
				A68D3C0C28FD972300121844 /* Components */,
				A60232B828FC2DB80046191E /* Sub */,
				A60232B628FC2B2E0046191E /* MainScreen.swift */,
			);
			path = MainScreen;
			sourceTree = "<group>";
		};
		A60232B828FC2DB80046191E /* Sub */ = {
			isa = PBXGroup;
			children = (
				A65EE94028FD47D80057CA10 /* FavoritesScreen */,
				A65EE93F28FD47CA0057CA10 /* HomeScreen */,
			);
			path = Sub;
			sourceTree = "<group>";
		};
		A60232BE28FC67780046191E /* Model */ = {
			isa = PBXGroup;
			children = (
				A60232BF28FC6DAB0046191E /* Countries.swift */,
				A6C54BC928FDE6F900F3681E /* CountryDetail.swift */,
			);
			name = Model;
			sourceTree = "<group>";
		};
		A60232CD28FC8C740046191E /* Service */ = {
			isa = PBXGroup;
			children = (
				A60232CE28FC8C870046191E /* CountriesService.swift */,
			);
			path = Service;
			sourceTree = "<group>";
		};
		A644ED4728FADB1C00399E5F = {
			isa = PBXGroup;
			children = (
				A644ED5228FADB1C00399E5F /* Countries */,
				A644ED6328FADB1E00399E5F /* CountriesTests */,
				A644ED6D28FADB1E00399E5F /* CountriesUITests */,
				A644ED5128FADB1C00399E5F /* Products */,
			);
			sourceTree = "<group>";
		};
		A644ED5128FADB1C00399E5F /* Products */ = {
			isa = PBXGroup;
			children = (
				A644ED5028FADB1C00399E5F /* Countries.app */,
				A644ED6028FADB1E00399E5F /* CountriesTests.xctest */,
				A644ED6A28FADB1E00399E5F /* CountriesUITests.xctest */,
			);
			name = Products;
			sourceTree = "<group>";
		};
		A644ED5228FADB1C00399E5F /* Countries */ = {
			isa = PBXGroup;
			children = (
				A6E160B028FC1CE90073BF57 /* Core */,
				A60232B228FC2AD00046191E /* Views */,
				A6E160AF28FC1A3B0073BF57 /* Resources */,
				A644ED5328FADB1C00399E5F /* CountriesApp.swift */,
				A644ED5928FADB1E00399E5F /* Preview Content */,
			);
			path = Countries;
			sourceTree = "<group>";
		};
		A644ED5928FADB1E00399E5F /* Preview Content */ = {
			isa = PBXGroup;
			children = (
				A644ED5A28FADB1E00399E5F /* Preview Assets.xcassets */,
			);
			path = "Preview Content";
			sourceTree = "<group>";
		};
		A644ED6328FADB1E00399E5F /* CountriesTests */ = {
			isa = PBXGroup;
			children = (
				A644ED6428FADB1E00399E5F /* CountriesTests.swift */,
			);
			path = CountriesTests;
			sourceTree = "<group>";
		};
		A644ED6D28FADB1E00399E5F /* CountriesUITests */ = {
			isa = PBXGroup;
			children = (
				A644ED6E28FADB1E00399E5F /* CountriesUITests.swift */,
				A644ED7028FADB1E00399E5F /* CountriesUITestsLaunchTests.swift */,
			);
			path = CountriesUITests;
			sourceTree = "<group>";
		};
		A65EE93F28FD47CA0057CA10 /* HomeScreen */ = {
			isa = PBXGroup;
			children = (
				A60232B928FC2F0A0046191E /* HomeScreen.swift */,
				A65EE94328FD47FF0057CA10 /* HomeScreenViewModel.swift */,
			);
			path = HomeScreen;
			sourceTree = "<group>";
		};
		A65EE94028FD47D80057CA10 /* FavoritesScreen */ = {
			isa = PBXGroup;
			children = (
				A60232BB28FC2F3E0046191E /* FavoritesScreen.swift */,
				A65EE94128FD47EF0057CA10 /* FavoritesScreenViewModel.swift */,
			);
			path = FavoritesScreen;
			sourceTree = "<group>";
		};
		A68D3C0C28FD972300121844 /* Components */ = {
			isa = PBXGroup;
			children = (
				A68D3C0D28FD973700121844 /* CountryCard.swift */,
				A6C54BD328FE8D5800F3681E /* FavoriteIconButton.swift */,
			);
			path = Components;
			sourceTree = "<group>";
		};
		A6C54BC628FDE2DA00F3681E /* Shared */ = {
			isa = PBXGroup;
			children = (
				A6C54BC728FDE2E800F3681E /* CountryDetailView.swift */,
				A6C54BD528FEBF2A00F3681E /* WebViewKit.swift */,
			);
			path = Shared;
			sourceTree = "<group>";
		};
		A6E160AF28FC1A3B0073BF57 /* Resources */ = {
			isa = PBXGroup;
			children = (
				A644ED5728FADB1E00399E5F /* Assets.xcassets */,
			);
			path = Resources;
			sourceTree = "<group>";
		};
		A6E160B028FC1CE90073BF57 /* Core */ = {
			isa = PBXGroup;
			children = (
				A60232CD28FC8C740046191E /* Service */,
				A60232BE28FC67780046191E /* Model */,
				A6E160B828FC23AF0073BF57 /* Manager */,
				A6E160B228FC1CFA0073BF57 /* Extensions */,
				A6E160B128FC1CEE0073BF57 /* Enums */,
			);
			path = Core;
			sourceTree = "<group>";
		};
		A6E160B128FC1CEE0073BF57 /* Enums */ = {
			isa = PBXGroup;
			children = (
				A6E160B628FC1DC50073BF57 /* CacheKeys.swift */,
				A60232D228FD3C190046191E /* NetworkError.swift */,
			);
			path = Enums;
			sourceTree = "<group>";
		};
		A6E160B228FC1CFA0073BF57 /* Extensions */ = {
			isa = PBXGroup;
			children = (
				A60232D028FD30F50046191E /* NetworkExtension.swift */,
				A6C54BD128FE8C1A00F3681E /* ScreenSizeExtension.swift */,
			);
			path = Extensions;
			sourceTree = "<group>";
		};
		A6E160B828FC23AF0073BF57 /* Manager */ = {
			isa = PBXGroup;
			children = (
				A6E160B928FC23B90073BF57 /* CacheManager.swift */,
			);
			path = Manager;
			sourceTree = "<group>";
		};
/* End PBXGroup section */

/* Begin PBXNativeTarget section */
		A644ED4F28FADB1C00399E5F /* Countries */ = {
			isa = PBXNativeTarget;
			buildConfigurationList = A644ED7428FADB1E00399E5F /* Build configuration list for PBXNativeTarget "Countries" */;
			buildPhases = (
				A644ED4C28FADB1C00399E5F /* Sources */,
				A644ED4D28FADB1C00399E5F /* Frameworks */,
				A644ED4E28FADB1C00399E5F /* Resources */,
			);
			buildRules = (
			);
			dependencies = (
			);
			name = Countries;
			packageProductDependencies = (
				A6C54BCF28FE88A700F3681E /* SVGView */,
			);
			productName = Countries;
			productReference = A644ED5028FADB1C00399E5F /* Countries.app */;
			productType = "com.apple.product-type.application";
		};
		A644ED5F28FADB1E00399E5F /* CountriesTests */ = {
			isa = PBXNativeTarget;
			buildConfigurationList = A644ED7728FADB1E00399E5F /* Build configuration list for PBXNativeTarget "CountriesTests" */;
			buildPhases = (
				A644ED5C28FADB1E00399E5F /* Sources */,
				A644ED5D28FADB1E00399E5F /* Frameworks */,
				A644ED5E28FADB1E00399E5F /* Resources */,
			);
			buildRules = (
			);
			dependencies = (
				A644ED6228FADB1E00399E5F /* PBXTargetDependency */,
			);
			name = CountriesTests;
			productName = CountriesTests;
			productReference = A644ED6028FADB1E00399E5F /* CountriesTests.xctest */;
			productType = "com.apple.product-type.bundle.unit-test";
		};
		A644ED6928FADB1E00399E5F /* CountriesUITests */ = {
			isa = PBXNativeTarget;
			buildConfigurationList = A644ED7A28FADB1E00399E5F /* Build configuration list for PBXNativeTarget "CountriesUITests" */;
			buildPhases = (
				A644ED6628FADB1E00399E5F /* Sources */,
				A644ED6728FADB1E00399E5F /* Frameworks */,
				A644ED6828FADB1E00399E5F /* Resources */,
			);
			buildRules = (
			);
			dependencies = (
				A644ED6C28FADB1E00399E5F /* PBXTargetDependency */,
			);
			name = CountriesUITests;
			productName = CountriesUITests;
			productReference = A644ED6A28FADB1E00399E5F /* CountriesUITests.xctest */;
			productType = "com.apple.product-type.bundle.ui-testing";
		};
/* End PBXNativeTarget section */

/* Begin PBXProject section */
		A644ED4828FADB1C00399E5F /* Project object */ = {
			isa = PBXProject;
			attributes = {
				BuildIndependentTargetsInParallel = 1;
				LastSwiftUpdateCheck = 1340;
				LastUpgradeCheck = 1340;
				TargetAttributes = {
					A644ED4F28FADB1C00399E5F = {
						CreatedOnToolsVersion = 13.4.1;
					};
					A644ED5F28FADB1E00399E5F = {
						CreatedOnToolsVersion = 13.4.1;
						TestTargetID = A644ED4F28FADB1C00399E5F;
					};
					A644ED6928FADB1E00399E5F = {
						CreatedOnToolsVersion = 13.4.1;
						TestTargetID = A644ED4F28FADB1C00399E5F;
					};
				};
			};
			buildConfigurationList = A644ED4B28FADB1C00399E5F /* Build configuration list for PBXProject "Countries" */;
			compatibilityVersion = "Xcode 13.0";
			developmentRegion = en;
			hasScannedForEncodings = 0;
			knownRegions = (
				en,
				Base,
			);
			mainGroup = A644ED4728FADB1C00399E5F;
			packageReferences = (
				A6C54BCE28FE88A700F3681E /* XCRemoteSwiftPackageReference "SVGView" */,
			);
			productRefGroup = A644ED5128FADB1C00399E5F /* Products */;
			projectDirPath = "";
			projectRoot = "";
			targets = (
				A644ED4F28FADB1C00399E5F /* Countries */,
				A644ED5F28FADB1E00399E5F /* CountriesTests */,
				A644ED6928FADB1E00399E5F /* CountriesUITests */,
			);
		};
/* End PBXProject section */

/* Begin PBXResourcesBuildPhase section */
		A644ED4E28FADB1C00399E5F /* Resources */ = {
			isa = PBXResourcesBuildPhase;
			buildActionMask = 2147483647;
			files = (
				A644ED5B28FADB1E00399E5F /* Preview Assets.xcassets in Resources */,
				A644ED5828FADB1E00399E5F /* Assets.xcassets in Resources */,
			);
			runOnlyForDeploymentPostprocessing = 0;
		};
		A644ED5E28FADB1E00399E5F /* Resources */ = {
			isa = PBXResourcesBuildPhase;
			buildActionMask = 2147483647;
			files = (
			);
			runOnlyForDeploymentPostprocessing = 0;
		};
		A644ED6828FADB1E00399E5F /* Resources */ = {
			isa = PBXResourcesBuildPhase;
			buildActionMask = 2147483647;
			files = (
			);
			runOnlyForDeploymentPostprocessing = 0;
		};
/* End PBXResourcesBuildPhase section */

/* Begin PBXSourcesBuildPhase section */
		A644ED4C28FADB1C00399E5F /* Sources */ = {
			isa = PBXSourcesBuildPhase;
			buildActionMask = 2147483647;
			files = (
				A60232BC28FC2F3E0046191E /* FavoritesScreen.swift in Sources */,
				A65EE94428FD47FF0057CA10 /* HomeScreenViewModel.swift in Sources */,
				A6E160BA28FC23B90073BF57 /* CacheManager.swift in Sources */,
				A60232D128FD30F50046191E /* NetworkExtension.swift in Sources */,
				A60232BA28FC2F0A0046191E /* HomeScreen.swift in Sources */,
				A60232B728FC2B2E0046191E /* MainScreen.swift in Sources */,
				A60232CF28FC8C870046191E /* CountriesService.swift in Sources */,
				A644ED5428FADB1C00399E5F /* CountriesApp.swift in Sources */,
				A6C54BD228FE8C1A00F3681E /* ScreenSizeExtension.swift in Sources */,
				A65EE94228FD47EF0057CA10 /* FavoritesScreenViewModel.swift in Sources */,
				A6C54BD628FEBF2A00F3681E /* WebViewKit.swift in Sources */,
				A60232C028FC6DAB0046191E /* Countries.swift in Sources */,
				A6C54BD428FE8D5800F3681E /* FavoriteIconButton.swift in Sources */,
				A6C54BCA28FDE6F900F3681E /* CountryDetail.swift in Sources */,
				A6E160B728FC1DC50073BF57 /* CacheKeys.swift in Sources */,
				A6C54BC828FDE2E800F3681E /* CountryDetailView.swift in Sources */,
				A68D3C0E28FD973700121844 /* CountryCard.swift in Sources */,
				A60232D328FD3C190046191E /* NetworkError.swift in Sources */,
			);
			runOnlyForDeploymentPostprocessing = 0;
		};
		A644ED5C28FADB1E00399E5F /* Sources */ = {
			isa = PBXSourcesBuildPhase;
			buildActionMask = 2147483647;
			files = (
				A644ED6528FADB1E00399E5F /* CountriesTests.swift in Sources */,
			);
			runOnlyForDeploymentPostprocessing = 0;
		};
		A644ED6628FADB1E00399E5F /* Sources */ = {
			isa = PBXSourcesBuildPhase;
			buildActionMask = 2147483647;
			files = (
				A644ED6F28FADB1E00399E5F /* CountriesUITests.swift in Sources */,
				A644ED7128FADB1E00399E5F /* CountriesUITestsLaunchTests.swift in Sources */,
			);
			runOnlyForDeploymentPostprocessing = 0;
		};
/* End PBXSourcesBuildPhase section */

/* Begin PBXTargetDependency section */
		A644ED6228FADB1E00399E5F /* PBXTargetDependency */ = {
			isa = PBXTargetDependency;
			target = A644ED4F28FADB1C00399E5F /* Countries */;
			targetProxy = A644ED6128FADB1E00399E5F /* PBXContainerItemProxy */;
		};
		A644ED6C28FADB1E00399E5F /* PBXTargetDependency */ = {
			isa = PBXTargetDependency;
			target = A644ED4F28FADB1C00399E5F /* Countries */;
			targetProxy = A644ED6B28FADB1E00399E5F /* PBXContainerItemProxy */;
		};
/* End PBXTargetDependency section */

/* Begin XCBuildConfiguration section */
		A644ED7228FADB1E00399E5F /* Debug */ = {
			isa = XCBuildConfiguration;
			buildSettings = {
				ALWAYS_SEARCH_USER_PATHS = NO;
				CLANG_ANALYZER_NONNULL = YES;
				CLANG_ANALYZER_NUMBER_OBJECT_CONVERSION = YES_AGGRESSIVE;
				CLANG_CXX_LANGUAGE_STANDARD = "gnu++17";
				CLANG_ENABLE_MODULES = YES;
				CLANG_ENABLE_OBJC_ARC = YES;
				CLANG_ENABLE_OBJC_WEAK = YES;
				CLANG_WARN_BLOCK_CAPTURE_AUTORELEASING = YES;
				CLANG_WARN_BOOL_CONVERSION = YES;
				CLANG_WARN_COMMA = YES;
				CLANG_WARN_CONSTANT_CONVERSION = YES;
				CLANG_WARN_DEPRECATED_OBJC_IMPLEMENTATIONS = YES;
				CLANG_WARN_DIRECT_OBJC_ISA_USAGE = YES_ERROR;
				CLANG_WARN_DOCUMENTATION_COMMENTS = YES;
				CLANG_WARN_EMPTY_BODY = YES;
				CLANG_WARN_ENUM_CONVERSION = YES;
				CLANG_WARN_INFINITE_RECURSION = YES;
				CLANG_WARN_INT_CONVERSION = YES;
				CLANG_WARN_NON_LITERAL_NULL_CONVERSION = YES;
				CLANG_WARN_OBJC_IMPLICIT_RETAIN_SELF = YES;
				CLANG_WARN_OBJC_LITERAL_CONVERSION = YES;
				CLANG_WARN_OBJC_ROOT_CLASS = YES_ERROR;
				CLANG_WARN_QUOTED_INCLUDE_IN_FRAMEWORK_HEADER = YES;
				CLANG_WARN_RANGE_LOOP_ANALYSIS = YES;
				CLANG_WARN_STRICT_PROTOTYPES = YES;
				CLANG_WARN_SUSPICIOUS_MOVE = YES;
				CLANG_WARN_UNGUARDED_AVAILABILITY = YES_AGGRESSIVE;
				CLANG_WARN_UNREACHABLE_CODE = YES;
				CLANG_WARN__DUPLICATE_METHOD_MATCH = YES;
				COPY_PHASE_STRIP = NO;
				DEBUG_INFORMATION_FORMAT = dwarf;
				ENABLE_STRICT_OBJC_MSGSEND = YES;
				ENABLE_TESTABILITY = YES;
				GCC_C_LANGUAGE_STANDARD = gnu11;
				GCC_DYNAMIC_NO_PIC = NO;
				GCC_NO_COMMON_BLOCKS = YES;
				GCC_OPTIMIZATION_LEVEL = 0;
				GCC_PREPROCESSOR_DEFINITIONS = (
					"DEBUG=1",
					"$(inherited)",
				);
				GCC_WARN_64_TO_32_BIT_CONVERSION = YES;
				GCC_WARN_ABOUT_RETURN_TYPE = YES_ERROR;
				GCC_WARN_UNDECLARED_SELECTOR = YES;
				GCC_WARN_UNINITIALIZED_AUTOS = YES_AGGRESSIVE;
				GCC_WARN_UNUSED_FUNCTION = YES;
				GCC_WARN_UNUSED_VARIABLE = YES;
				IPHONEOS_DEPLOYMENT_TARGET = 15.0;
				MTL_ENABLE_DEBUG_INFO = INCLUDE_SOURCE;
				MTL_FAST_MATH = YES;
				ONLY_ACTIVE_ARCH = YES;
				SDKROOT = iphoneos;
				SWIFT_ACTIVE_COMPILATION_CONDITIONS = DEBUG;
				SWIFT_OPTIMIZATION_LEVEL = "-Onone";
			};
			name = Debug;
		};
		A644ED7328FADB1E00399E5F /* Release */ = {
			isa = XCBuildConfiguration;
			buildSettings = {
				ALWAYS_SEARCH_USER_PATHS = NO;
				CLANG_ANALYZER_NONNULL = YES;
				CLANG_ANALYZER_NUMBER_OBJECT_CONVERSION = YES_AGGRESSIVE;
				CLANG_CXX_LANGUAGE_STANDARD = "gnu++17";
				CLANG_ENABLE_MODULES = YES;
				CLANG_ENABLE_OBJC_ARC = YES;
				CLANG_ENABLE_OBJC_WEAK = YES;
				CLANG_WARN_BLOCK_CAPTURE_AUTORELEASING = YES;
				CLANG_WARN_BOOL_CONVERSION = YES;
				CLANG_WARN_COMMA = YES;
				CLANG_WARN_CONSTANT_CONVERSION = YES;
				CLANG_WARN_DEPRECATED_OBJC_IMPLEMENTATIONS = YES;
				CLANG_WARN_DIRECT_OBJC_ISA_USAGE = YES_ERROR;
				CLANG_WARN_DOCUMENTATION_COMMENTS = YES;
				CLANG_WARN_EMPTY_BODY = YES;
				CLANG_WARN_ENUM_CONVERSION = YES;
				CLANG_WARN_INFINITE_RECURSION = YES;
				CLANG_WARN_INT_CONVERSION = YES;
				CLANG_WARN_NON_LITERAL_NULL_CONVERSION = YES;
				CLANG_WARN_OBJC_IMPLICIT_RETAIN_SELF = YES;
				CLANG_WARN_OBJC_LITERAL_CONVERSION = YES;
				CLANG_WARN_OBJC_ROOT_CLASS = YES_ERROR;
				CLANG_WARN_QUOTED_INCLUDE_IN_FRAMEWORK_HEADER = YES;
				CLANG_WARN_RANGE_LOOP_ANALYSIS = YES;
				CLANG_WARN_STRICT_PROTOTYPES = YES;
				CLANG_WARN_SUSPICIOUS_MOVE = YES;
				CLANG_WARN_UNGUARDED_AVAILABILITY = YES_AGGRESSIVE;
				CLANG_WARN_UNREACHABLE_CODE = YES;
				CLANG_WARN__DUPLICATE_METHOD_MATCH = YES;
				COPY_PHASE_STRIP = NO;
				DEBUG_INFORMATION_FORMAT = "dwarf-with-dsym";
				ENABLE_NS_ASSERTIONS = NO;
				ENABLE_STRICT_OBJC_MSGSEND = YES;
				GCC_C_LANGUAGE_STANDARD = gnu11;
				GCC_NO_COMMON_BLOCKS = YES;
				GCC_WARN_64_TO_32_BIT_CONVERSION = YES;
				GCC_WARN_ABOUT_RETURN_TYPE = YES_ERROR;
				GCC_WARN_UNDECLARED_SELECTOR = YES;
				GCC_WARN_UNINITIALIZED_AUTOS = YES_AGGRESSIVE;
				GCC_WARN_UNUSED_FUNCTION = YES;
				GCC_WARN_UNUSED_VARIABLE = YES;
				IPHONEOS_DEPLOYMENT_TARGET = 15.0;
				MTL_ENABLE_DEBUG_INFO = NO;
				MTL_FAST_MATH = YES;
				SDKROOT = iphoneos;
				SWIFT_COMPILATION_MODE = wholemodule;
				SWIFT_OPTIMIZATION_LEVEL = "-O";
				VALIDATE_PRODUCT = YES;
			};
			name = Release;
		};
		A644ED7528FADB1E00399E5F /* Debug */ = {
			isa = XCBuildConfiguration;
			buildSettings = {
				ASSETCATALOG_COMPILER_APPICON_NAME = AppIcon;
				ASSETCATALOG_COMPILER_GLOBAL_ACCENT_COLOR_NAME = AccentColor;
				CODE_SIGN_STYLE = Automatic;
				CURRENT_PROJECT_VERSION = 1;
				DEVELOPMENT_ASSET_PATHS = "\"Countries/Preview Content\"";
				DEVELOPMENT_TEAM = HNDP6R753D;
				ENABLE_PREVIEWS = YES;
				GENERATE_INFOPLIST_FILE = YES;
				INFOPLIST_KEY_UIApplicationSceneManifest_Generation = YES;
				INFOPLIST_KEY_UIApplicationSupportsIndirectInputEvents = YES;
				INFOPLIST_KEY_UILaunchScreen_Generation = YES;
				INFOPLIST_KEY_UISupportedInterfaceOrientations = "UIInterfaceOrientationPortrait UIInterfaceOrientationPortraitUpsideDown";
				INFOPLIST_KEY_UISupportedInterfaceOrientations_iPad = "UIInterfaceOrientationPortrait UIInterfaceOrientationPortraitUpsideDown UIInterfaceOrientationLandscapeLeft UIInterfaceOrientationLandscapeRight";
				INFOPLIST_KEY_UISupportedInterfaceOrientations_iPhone = "UIInterfaceOrientationPortrait UIInterfaceOrientationLandscapeLeft UIInterfaceOrientationLandscapeRight";
				LD_RUNPATH_SEARCH_PATHS = (
					"$(inherited)",
					"@executable_path/Frameworks",
				);
				MARKETING_VERSION = 1.0;
				PRODUCT_BUNDLE_IDENTIFIER = dev.alpr.Countries;
				PRODUCT_NAME = "$(TARGET_NAME)";
				SWIFT_EMIT_LOC_STRINGS = YES;
				SWIFT_VERSION = 5.0;
				TARGETED_DEVICE_FAMILY = "1,2";
			};
			name = Debug;
		};
		A644ED7628FADB1E00399E5F /* Release */ = {
			isa = XCBuildConfiguration;
			buildSettings = {
				ASSETCATALOG_COMPILER_APPICON_NAME = AppIcon;
				ASSETCATALOG_COMPILER_GLOBAL_ACCENT_COLOR_NAME = AccentColor;
				CODE_SIGN_STYLE = Automatic;
				CURRENT_PROJECT_VERSION = 1;
				DEVELOPMENT_ASSET_PATHS = "\"Countries/Preview Content\"";
				DEVELOPMENT_TEAM = HNDP6R753D;
				ENABLE_PREVIEWS = YES;
				GENERATE_INFOPLIST_FILE = YES;
				INFOPLIST_KEY_UIApplicationSceneManifest_Generation = YES;
				INFOPLIST_KEY_UIApplicationSupportsIndirectInputEvents = YES;
				INFOPLIST_KEY_UILaunchScreen_Generation = YES;
				INFOPLIST_KEY_UISupportedInterfaceOrientations = "UIInterfaceOrientationPortrait UIInterfaceOrientationPortraitUpsideDown";
				INFOPLIST_KEY_UISupportedInterfaceOrientations_iPad = "UIInterfaceOrientationPortrait UIInterfaceOrientationPortraitUpsideDown UIInterfaceOrientationLandscapeLeft UIInterfaceOrientationLandscapeRight";
				INFOPLIST_KEY_UISupportedInterfaceOrientations_iPhone = "UIInterfaceOrientationPortrait UIInterfaceOrientationLandscapeLeft UIInterfaceOrientationLandscapeRight";
				LD_RUNPATH_SEARCH_PATHS = (
					"$(inherited)",
					"@executable_path/Frameworks",
				);
				MARKETING_VERSION = 1.0;
				PRODUCT_BUNDLE_IDENTIFIER = dev.alpr.Countries;
				PRODUCT_NAME = "$(TARGET_NAME)";
				SWIFT_EMIT_LOC_STRINGS = YES;
				SWIFT_VERSION = 5.0;
				TARGETED_DEVICE_FAMILY = "1,2";
			};
			name = Release;
		};
		A644ED7828FADB1E00399E5F /* Debug */ = {
			isa = XCBuildConfiguration;
			buildSettings = {
				ALWAYS_EMBED_SWIFT_STANDARD_LIBRARIES = YES;
				BUNDLE_LOADER = "$(TEST_HOST)";
				CODE_SIGN_STYLE = Automatic;
				CURRENT_PROJECT_VERSION = 1;
				DEVELOPMENT_TEAM = HNDP6R753D;
				GENERATE_INFOPLIST_FILE = YES;
				IPHONEOS_DEPLOYMENT_TARGET = 15.5;
				MARKETING_VERSION = 1.0;
				PRODUCT_BUNDLE_IDENTIFIER = dev.alpr.CountriesTests;
				PRODUCT_NAME = "$(TARGET_NAME)";
				SWIFT_EMIT_LOC_STRINGS = NO;
				SWIFT_VERSION = 5.0;
				TARGETED_DEVICE_FAMILY = "1,2";
				TEST_HOST = "$(BUILT_PRODUCTS_DIR)/Countries.app/Countries";
			};
			name = Debug;
		};
		A644ED7928FADB1E00399E5F /* Release */ = {
			isa = XCBuildConfiguration;
			buildSettings = {
				ALWAYS_EMBED_SWIFT_STANDARD_LIBRARIES = YES;
				BUNDLE_LOADER = "$(TEST_HOST)";
				CODE_SIGN_STYLE = Automatic;
				CURRENT_PROJECT_VERSION = 1;
				DEVELOPMENT_TEAM = HNDP6R753D;
				GENERATE_INFOPLIST_FILE = YES;
				IPHONEOS_DEPLOYMENT_TARGET = 15.5;
				MARKETING_VERSION = 1.0;
				PRODUCT_BUNDLE_IDENTIFIER = dev.alpr.CountriesTests;
				PRODUCT_NAME = "$(TARGET_NAME)";
				SWIFT_EMIT_LOC_STRINGS = NO;
				SWIFT_VERSION = 5.0;
				TARGETED_DEVICE_FAMILY = "1,2";
				TEST_HOST = "$(BUILT_PRODUCTS_DIR)/Countries.app/Countries";
			};
			name = Release;
		};
		A644ED7B28FADB1E00399E5F /* Debug */ = {
			isa = XCBuildConfiguration;
			buildSettings = {
				ALWAYS_EMBED_SWIFT_STANDARD_LIBRARIES = YES;
				CODE_SIGN_STYLE = Automatic;
				CURRENT_PROJECT_VERSION = 1;
				DEVELOPMENT_TEAM = HNDP6R753D;
				GENERATE_INFOPLIST_FILE = YES;
				MARKETING_VERSION = 1.0;
				PRODUCT_BUNDLE_IDENTIFIER = dev.alpr.CountriesUITests;
				PRODUCT_NAME = "$(TARGET_NAME)";
				SWIFT_EMIT_LOC_STRINGS = NO;
				SWIFT_VERSION = 5.0;
				TARGETED_DEVICE_FAMILY = "1,2";
				TEST_TARGET_NAME = Countries;
			};
			name = Debug;
		};
		A644ED7C28FADB1E00399E5F /* Release */ = {
			isa = XCBuildConfiguration;
			buildSettings = {
				ALWAYS_EMBED_SWIFT_STANDARD_LIBRARIES = YES;
				CODE_SIGN_STYLE = Automatic;
				CURRENT_PROJECT_VERSION = 1;
				DEVELOPMENT_TEAM = HNDP6R753D;
				GENERATE_INFOPLIST_FILE = YES;
				MARKETING_VERSION = 1.0;
				PRODUCT_BUNDLE_IDENTIFIER = dev.alpr.CountriesUITests;
				PRODUCT_NAME = "$(TARGET_NAME)";
				SWIFT_EMIT_LOC_STRINGS = NO;
				SWIFT_VERSION = 5.0;
				TARGETED_DEVICE_FAMILY = "1,2";
				TEST_TARGET_NAME = Countries;
			};
			name = Release;
		};
/* End XCBuildConfiguration section */

/* Begin XCConfigurationList section */
		A644ED4B28FADB1C00399E5F /* Build configuration list for PBXProject "Countries" */ = {
			isa = XCConfigurationList;
			buildConfigurations = (
				A644ED7228FADB1E00399E5F /* Debug */,
				A644ED7328FADB1E00399E5F /* Release */,
			);
			defaultConfigurationIsVisible = 0;
			defaultConfigurationName = Release;
		};
		A644ED7428FADB1E00399E5F /* Build configuration list for PBXNativeTarget "Countries" */ = {
			isa = XCConfigurationList;
			buildConfigurations = (
				A644ED7528FADB1E00399E5F /* Debug */,
				A644ED7628FADB1E00399E5F /* Release */,
			);
			defaultConfigurationIsVisible = 0;
			defaultConfigurationName = Release;
		};
		A644ED7728FADB1E00399E5F /* Build configuration list for PBXNativeTarget "CountriesTests" */ = {
			isa = XCConfigurationList;
			buildConfigurations = (
				A644ED7828FADB1E00399E5F /* Debug */,
				A644ED7928FADB1E00399E5F /* Release */,
			);
			defaultConfigurationIsVisible = 0;
			defaultConfigurationName = Release;
		};
		A644ED7A28FADB1E00399E5F /* Build configuration list for PBXNativeTarget "CountriesUITests" */ = {
			isa = XCConfigurationList;
			buildConfigurations = (
				A644ED7B28FADB1E00399E5F /* Debug */,
				A644ED7C28FADB1E00399E5F /* Release */,
			);
			defaultConfigurationIsVisible = 0;
			defaultConfigurationName = Release;
		};
/* End XCConfigurationList section */

/* Begin XCRemoteSwiftPackageReference section */
		A6C54BCE28FE88A700F3681E /* XCRemoteSwiftPackageReference "SVGView" */ = {
			isa = XCRemoteSwiftPackageReference;
			repositoryURL = "https://github.com/exyte/SVGView.git";
			requirement = {
				kind = upToNextMajorVersion;
				minimumVersion = 1.0.0;
			};
		};
/* End XCRemoteSwiftPackageReference section */

/* Begin XCSwiftPackageProductDependency section */
		A6C54BCF28FE88A700F3681E /* SVGView */ = {
			isa = XCSwiftPackageProductDependency;
			package = A6C54BCE28FE88A700F3681E /* XCRemoteSwiftPackageReference "SVGView" */;
			productName = SVGView;
		};
/* End XCSwiftPackageProductDependency section */
	};
	rootObject = A644ED4828FADB1C00399E5F /* Project object */;
}
